# THIS IS AN AUTOGENERATED FILE. DO NOT EDIT THIS FILE DIRECTLY.
# yarn lockfile v1


lettering@^0.4.1:
  version "0.4.1"
  resolved "https://registry.yarnpkg.com/lettering/-/lettering-0.4.1.tgz#bffcb08dfc30e7a5891e90b5eb3c3fe539da1a7d"
  integrity sha512-lZ0cL4uQeZCnfVzOUVDVj2reaQkHkrnI739A525FEtOPXT0eZFOs5a6qP6qUUMCn0KwS78im0psGcDpWedt+nw==
